
Microsoft Visual Studio Solution File, Format Version 12.00
# Visual Studio Express 14 for Windows Desktop
VisualStudioVersion = 14.0.25420.1
MinimumVisualStudioVersion = 10.0.40219.1
Project("{FAE04EC0-301F-11D3-BF4B-00C04F79EFBC}") = "Entidades", "Entidades\Entidades.csproj", "{1FFCECFC-7D1A-45D4-A9EF-6FCF2479D2E4}"
EndProject
Project("{FAE04EC0-301F-11D3-BF4B-00C04F79EFBC}") = "MiCalculadora", "MiCalculadora\MiCalculadora.csproj", "{00D3C9D2-B19E-4B05-8B32-DE2334C7ED45}"
EndProject
Global
	GlobalSection(SolutionConfigurationPlatforms) = preSolution
		Debug|Any CPU = Debug|Any CPU
		Release|Any CPU = Release|Any CPU
	EndGlobalSection
	GlobalSection(ProjectConfigurationPlatforms) = postSolution
		{1FFCECFC-7D1A-45D4-A9EF-6FCF2479D2E4}.Debug|Any CPU.ActiveCfg = Debug|Any CPU
		{1FFCECFC-7D1A-45D4-A9EF-6FCF2479D2E4}.Debug|Any CPU.Build.0 = Debug|Any CPU
		{1FFCECFC-7D1A-45D4-A9EF-6FCF2479D2E4}.Release|Any CPU.ActiveCfg = Release|Any CPU
		{1FFCECFC-7D1A-45D4-A9EF-6FCF2479D2E4}.Release|Any CPU.Build.0 = Release|Any CPU
		{00D3C9D2-B19E-4B05-8B32-DE2334C7ED45}.Debug|Any CPU.ActiveCfg = Debug|Any CPU
		{00D3C9D2-B19E-4B05-8B32-DE2334C7ED45}.Debug|Any CPU.Build.0 = Debug|Any CPU
		{00D3C9D2-B19E-4B05-8B32-DE2334C7ED45}.Release|Any CPU.ActiveCfg = Release|Any CPU
		{00D3C9D2-B19E-4B05-8B32-DE2334C7ED45}.Release|Any CPU.Build.0 = Release|Any CPU
	EndGlobalSection
	GlobalSection(SolutionProperties) = preSolution
		HideSolutionNode = FALSE
	EndGlobalSection
EndGlobal
